{
    "name": "project_ctrlaltinnovate",
    "version": "1.0.0",
    "lockfileVersion": 3,
    "requires": true,
    "packages": {
        "": {
            "name": "project_ctrlaltinnovate",
            "version": "1.0.0",
            "hasInstallScript": true,
            "engines": {
                "node": ">=14.x",
                "npm": ">=7.x"
            }
        },
        "backend": {
            "version": "1.0.0",
            "extraneous": true,
            "license": "MIT",
            "dependencies": {
                "body-parser": "^1.20.2",
                "cors": "^2.8.5",
                "dotenv": "^16.0.0",
                "express": "^4.18.2",
                "firebase-admin": "^12.7.0",
                "mustache": "^4.2.0",
                "nanoid": "^4.0.2",
                "stripe": "^12.0.0"
            }
        },
        "frontend": {
            "version": "1.0.0",
            "extraneous": true,
            "dependencies": {
                "@stripe/stripe-js": "^2.2.0",
                "react": "^18.2.0",
                "react-dom": "^18.2.0",
                "react-router-dom": "^6.20.0",
                "react-scripts": "5.0.1"
            }
        }
    }
}
